
Microsoft Visual Studio Solution File, Format Version 12.00
# Visual Studio Version 16
VisualStudioVersion = 16.0.30413.136
MinimumVisualStudioVersion = 10.0.40219.1
Project("{FAE04EC0-301F-11D3-BF4B-00C04F79EFBC}") = "TestCaseLegiosoft", "TestCaseLegiosoft\TestCaseLegiosoft.csproj", "{84C3DA16-37AC-48C4-AD95-DC92E06B5FE5}"
EndProject
Global
	GlobalSection(SolutionConfigurationPlatforms) = preSolution
		Debug|Any CPU = Debug|Any CPU
		Release|Any CPU = Release|Any CPU
	EndGlobalSection
	GlobalSection(ProjectConfigurationPlatforms) = postSolution
		{84C3DA16-37AC-48C4-AD95-DC92E06B5FE5}.Debug|Any CPU.ActiveCfg = Debug|Any CPU
		{84C3DA16-37AC-48C4-AD95-DC92E06B5FE5}.Debug|Any CPU.Build.0 = Debug|Any CPU
		{84C3DA16-37AC-48C4-AD95-DC92E06B5FE5}.Release|Any CPU.ActiveCfg = Release|Any CPU
		{84C3DA16-37AC-48C4-AD95-DC92E06B5FE5}.Release|Any CPU.Build.0 = Release|Any CPU
	EndGlobalSection
	GlobalSection(SolutionProperties) = preSolution
		HideSolutionNode = FALSE
	EndGlobalSection
	GlobalSection(ExtensibilityGlobals) = postSolution
		SolutionGuid = {029EA73D-7044-4AFA-B20B-ACF3F0031E2F}
	EndGlobalSection
EndGlobal
